
Microsoft Visual Studio Solution File, Format Version 12.00
# Visual Studio Version 17
VisualStudioVersion = 17.11.35219.272
MinimumVisualStudioVersion = 10.0.40219.1
Project("{8BC9CEB8-8B4A-11D0-8D11-00A0C91BC942}") = "Lecture 5", "Lecture 5.vcxproj", "{013F7BFE-F921-468B-9244-BFE214717F41}"
EndProject
Global
	GlobalSection(SolutionConfigurationPlatforms) = preSolution
		Debug|x64 = Debug|x64
		Debug|x86 = Debug|x86
		Release|x64 = Release|x64
		Release|x86 = Release|x86
	EndGlobalSection
	GlobalSection(ProjectConfigurationPlatforms) = postSolution
		{013F7BFE-F921-468B-9244-BFE214717F41}.Debug|x64.ActiveCfg = Debug|x64
		{013F7BFE-F921-468B-9244-BFE214717F41}.Debug|x64.Build.0 = Debug|x64
		{013F7BFE-F921-468B-9244-BFE214717F41}.Debug|x86.ActiveCfg = Debug|Win32
		{013F7BFE-F921-468B-9244-BFE214717F41}.Debug|x86.Build.0 = Debug|Win32
		{013F7BFE-F921-468B-9244-BFE214717F41}.Release|x64.ActiveCfg = Release|x64
		{013F7BFE-F921-468B-9244-BFE214717F41}.Release|x64.Build.0 = Release|x64
		{013F7BFE-F921-468B-9244-BFE214717F41}.Release|x86.ActiveCfg = Release|Win32
		{013F7BFE-F921-468B-9244-BFE214717F41}.Release|x86.Build.0 = Release|Win32
	EndGlobalSection
	GlobalSection(SolutionProperties) = preSolution
		HideSolutionNode = FALSE
	EndGlobalSection
	GlobalSection(ExtensibilityGlobals) = postSolution
		SolutionGuid = {059B2062-F35E-4339-B179-96236B5A1466}
	EndGlobalSection
EndGlobal
